
Microsoft Visual Studio Solution File, Format Version 12.00
# 
Project("{FAE04EC0-301F-11D3-BF4B-00C04F79EFBC}") = "lab3", "lab3\lab3.csproj", "{D4D0D2B4-4BCF-4115-B2BE-F9AB7D39AF01}"
EndProject
Project("{FAE04EC0-301F-11D3-BF4B-00C04F79EFBC}") = "lab4", "lab4\lab4.csproj", "{CD31204A-CCDF-489B-B3B2-75F217110B80}"
EndProject
Project("{FAE04EC0-301F-11D3-BF4B-00C04F79EFBC}") = "lab5", "lab5\lab5.csproj", "{11ACE499-C8B2-4783-AB26-2B88508319AE}"
EndProject
Project("{FAE04EC0-301F-11D3-BF4B-00C04F79EFBC}") = "lab6", "lab6\lab6.csproj", "{5341B90F-2DA2-4984-AAF3-477830AFAFD1}"
EndProject
Project("{FAE04EC0-301F-11D3-BF4B-00C04F79EFBC}") = "lab7", "lab7\lab7.csproj", "{A7A9BFB9-668A-456F-9C72-28195A6E0A07}"
EndProject
Project("{FAE04EC0-301F-11D3-BF4B-00C04F79EFBC}") = "lab7_2", "lab7_2\lab7_2.csproj", "{35AB74F3-502F-47B3-A8D3-824365D6D205}"
EndProject
Project("{FAE04EC0-301F-11D3-BF4B-00C04F79EFBC}") = "lab9", "lab9\lab9.csproj", "{4B46E4A5-7E04-4DD8-B2D3-102036DF75A6}"
EndProject
Project("{FAE04EC0-301F-11D3-BF4B-00C04F79EFBC}") = "lab9_2", "lab9_2\lab9_2.csproj", "{000D563C-0934-4E8C-9EB7-6B4DA8CCDBEC}"
EndProject
Global
	GlobalSection(SolutionConfigurationPlatforms) = preSolution
		Debug|Any CPU = Debug|Any CPU
		Release|Any CPU = Release|Any CPU
	EndGlobalSection
	GlobalSection(ProjectConfigurationPlatforms) = postSolution
		{D4D0D2B4-4BCF-4115-B2BE-F9AB7D39AF01}.Debug|Any CPU.ActiveCfg = Debug|Any CPU
		{D4D0D2B4-4BCF-4115-B2BE-F9AB7D39AF01}.Debug|Any CPU.Build.0 = Debug|Any CPU
		{D4D0D2B4-4BCF-4115-B2BE-F9AB7D39AF01}.Release|Any CPU.ActiveCfg = Release|Any CPU
		{D4D0D2B4-4BCF-4115-B2BE-F9AB7D39AF01}.Release|Any CPU.Build.0 = Release|Any CPU
		{CD31204A-CCDF-489B-B3B2-75F217110B80}.Debug|Any CPU.ActiveCfg = Debug|Any CPU
		{CD31204A-CCDF-489B-B3B2-75F217110B80}.Debug|Any CPU.Build.0 = Debug|Any CPU
		{CD31204A-CCDF-489B-B3B2-75F217110B80}.Release|Any CPU.ActiveCfg = Release|Any CPU
		{CD31204A-CCDF-489B-B3B2-75F217110B80}.Release|Any CPU.Build.0 = Release|Any CPU
		{11ACE499-C8B2-4783-AB26-2B88508319AE}.Debug|Any CPU.ActiveCfg = Debug|Any CPU
		{11ACE499-C8B2-4783-AB26-2B88508319AE}.Debug|Any CPU.Build.0 = Debug|Any CPU
		{11ACE499-C8B2-4783-AB26-2B88508319AE}.Release|Any CPU.ActiveCfg = Release|Any CPU
		{11ACE499-C8B2-4783-AB26-2B88508319AE}.Release|Any CPU.Build.0 = Release|Any CPU
		{5341B90F-2DA2-4984-AAF3-477830AFAFD1}.Debug|Any CPU.ActiveCfg = Debug|Any CPU
		{5341B90F-2DA2-4984-AAF3-477830AFAFD1}.Debug|Any CPU.Build.0 = Debug|Any CPU
		{5341B90F-2DA2-4984-AAF3-477830AFAFD1}.Release|Any CPU.ActiveCfg = Release|Any CPU
		{5341B90F-2DA2-4984-AAF3-477830AFAFD1}.Release|Any CPU.Build.0 = Release|Any CPU
		{A7A9BFB9-668A-456F-9C72-28195A6E0A07}.Debug|Any CPU.ActiveCfg = Debug|Any CPU
		{A7A9BFB9-668A-456F-9C72-28195A6E0A07}.Debug|Any CPU.Build.0 = Debug|Any CPU
		{A7A9BFB9-668A-456F-9C72-28195A6E0A07}.Release|Any CPU.ActiveCfg = Release|Any CPU
		{A7A9BFB9-668A-456F-9C72-28195A6E0A07}.Release|Any CPU.Build.0 = Release|Any CPU
		{35AB74F3-502F-47B3-A8D3-824365D6D205}.Debug|Any CPU.ActiveCfg = Debug|Any CPU
		{35AB74F3-502F-47B3-A8D3-824365D6D205}.Debug|Any CPU.Build.0 = Debug|Any CPU
		{35AB74F3-502F-47B3-A8D3-824365D6D205}.Release|Any CPU.ActiveCfg = Release|Any CPU
		{35AB74F3-502F-47B3-A8D3-824365D6D205}.Release|Any CPU.Build.0 = Release|Any CPU
		{4B46E4A5-7E04-4DD8-B2D3-102036DF75A6}.Debug|Any CPU.ActiveCfg = Debug|Any CPU
		{4B46E4A5-7E04-4DD8-B2D3-102036DF75A6}.Debug|Any CPU.Build.0 = Debug|Any CPU
		{4B46E4A5-7E04-4DD8-B2D3-102036DF75A6}.Release|Any CPU.ActiveCfg = Release|Any CPU
		{4B46E4A5-7E04-4DD8-B2D3-102036DF75A6}.Release|Any CPU.Build.0 = Release|Any CPU
		{000D563C-0934-4E8C-9EB7-6B4DA8CCDBEC}.Debug|Any CPU.ActiveCfg = Debug|Any CPU
		{000D563C-0934-4E8C-9EB7-6B4DA8CCDBEC}.Debug|Any CPU.Build.0 = Debug|Any CPU
		{000D563C-0934-4E8C-9EB7-6B4DA8CCDBEC}.Release|Any CPU.ActiveCfg = Release|Any CPU
		{000D563C-0934-4E8C-9EB7-6B4DA8CCDBEC}.Release|Any CPU.Build.0 = Release|Any CPU
	EndGlobalSection
EndGlobal
